{
  "nodes": {
    "mesa-src": {
      "flake": false,
      "locked": {
        "host": "gitlab.freedesktop.org",
        "lastModified": 1777426007,
        "narHash": "sha256-q9OfO0XEQmszeh5XGd+SQFc75p46XZdZKui9o6c9e64=",
        "owner": "mesa",
        "repo": "mesa",
        "rev": "72e0eda2601beccf60ca4c0cde16e72b5a468050",
        "type": "gitlab"
      },
      "original": {
        "host": "gitlab.freedesktop.org",
        "owner": "mesa",
        "ref": "main",
        "repo": "mesa",
        "type": "gitlab"
      }
    },
    "nixpkgs": {
      "locked": {
        "lastModified": 1777268161,
        "narHash": "sha256-bxrdOn8SCOv8tN4JbTF/TXq7kjo9ag4M+C8yzzIRYbE=",
        "owner": "NixOS",
        "repo": "nixpkgs",
        "rev": "1c3fe55ad329cbcb28471bb30f05c9827f724c76",
        "type": "github"
      },
      "original": {
        "owner": "NixOS",
        "ref": "nixos-unstable",
        "repo": "nixpkgs",
        "type": "github"
      }
    },
    "nixpkgs_2": {
      "locked": {
        "lastModified": 1777268161,
        "narHash": "sha256-bxrdOn8SCOv8tN4JbTF/TXq7kjo9ag4M+C8yzzIRYbE=",
        "owner": "NixOS",
        "repo": "nixpkgs",
        "rev": "1c3fe55ad329cbcb28471bb30f05c9827f724c76",
        "type": "github"
      },
      "original": {
        "owner": "NixOS",
        "ref": "nixos-unstable",
        "repo": "nixpkgs",
        "type": "github"
      }
    },
    "root": {
      "inputs": {
        "nixpkgs": "nixpkgs",
        "xe-driver-flake": "xe-driver-flake"
      }
    },
    "xe-driver-flake": {
      "inputs": {
        "mesa-src": "mesa-src",
        "nixpkgs": "nixpkgs_2"
      },
      "locked": {
        "lastModified": 1775316399,
        "narHash": "sha256-PYkgov9HYMTq6jEbnPAmivPRBIBtgMjrFspwFo9wIZQ=",
        "owner": "cmspam",
        "repo": "xe-native-context-nix",
        "rev": "2761a5a1889f07bbdefb1fdc67634d91a14d479c",
        "type": "github"
      },
      "original": {
        "owner": "cmspam",
        "repo": "xe-native-context-nix",
        "type": "github"
      }
    }
  },
  "root": "root",
  "version": 7
}
