{
  "nodes": {
    "mesa-src": {
      "flake": false,
      "locked": {
        "host": "gitlab.freedesktop.org",
        "lastModified": 1775869905,
        "narHash": "sha256-kNRK2BMnunBPL2mJAmDrY1GnGGaFs7i/t0lMVB0fQ7M=",
        "owner": "mesa",
        "repo": "mesa",
        "rev": "f92cfe9a744e3028b144c693f064ee5b7ef14603",
        "type": "gitlab"
      },
      "original": {
        "host": "gitlab.freedesktop.org",
        "owner": "mesa",
        "ref": "main",
        "repo": "mesa",
        "type": "gitlab"
      }
    },
    "nixpkgs": {
      "locked": {
        "lastModified": 1775710090,
        "narHash": "sha256-ar3rofg+awPB8QXDaFJhJ2jJhu+KqN/PRCXeyuXR76E=",
        "owner": "NixOS",
        "repo": "nixpkgs",
        "rev": "4c1018dae018162ec878d42fec712642d214fdfa",
        "type": "github"
      },
      "original": {
        "owner": "NixOS",
        "ref": "nixos-unstable",
        "repo": "nixpkgs",
        "type": "github"
      }
    },
    "nixpkgs_2": {
      "locked": {
        "lastModified": 1775710090,
        "narHash": "sha256-ar3rofg+awPB8QXDaFJhJ2jJhu+KqN/PRCXeyuXR76E=",
        "owner": "NixOS",
        "repo": "nixpkgs",
        "rev": "4c1018dae018162ec878d42fec712642d214fdfa",
        "type": "github"
      },
      "original": {
        "owner": "NixOS",
        "ref": "nixos-unstable",
        "repo": "nixpkgs",
        "type": "github"
      }
    },
    "root": {
      "inputs": {
        "nixpkgs": "nixpkgs",
        "xe-driver-flake": "xe-driver-flake"
      }
    },
    "xe-driver-flake": {
      "inputs": {
        "mesa-src": "mesa-src",
        "nixpkgs": "nixpkgs_2"
      },
      "locked": {
        "lastModified": 1775316399,
        "narHash": "sha256-PYkgov9HYMTq6jEbnPAmivPRBIBtgMjrFspwFo9wIZQ=",
        "owner": "cmspam",
        "repo": "xe-native-context-nix",
        "rev": "2761a5a1889f07bbdefb1fdc67634d91a14d479c",
        "type": "github"
      },
      "original": {
        "owner": "cmspam",
        "repo": "xe-native-context-nix",
        "type": "github"
      }
    }
  },
  "root": "root",
  "version": 7
}
